
Microsoft Visual Studio Solution File, Format Version 12.00
# Visual Studio Version 17
VisualStudioVersion = 17.0.32126.317
MinimumVisualStudioVersion = 10.0.40219.1
Project("{FAE04EC0-301F-11D3-BF4B-00C04F79EFBC}") = "ODataBookStore", "ODataBookStore\ODataBookStore.csproj", "{F6619AFC-9835-4AB0-BE51-E96FFA904FCC}"
EndProject
Project("{FAE04EC0-301F-11D3-BF4B-00C04F79EFBC}") = "ODataBookStoreWebClient", "ODataBookStoreWebClient\ODataBookStoreWebClient.csproj", "{48A4A9EA-B10A-49FD-BDD4-E118B3413FCB}"
EndProject
Global
	GlobalSection(SolutionConfigurationPlatforms) = preSolution
		Debug|Any CPU = Debug|Any CPU
		Release|Any CPU = Release|Any CPU
	EndGlobalSection
	GlobalSection(ProjectConfigurationPlatforms) = postSolution
		{F6619AFC-9835-4AB0-BE51-E96FFA904FCC}.Debug|Any CPU.ActiveCfg = Debug|Any CPU
		{F6619AFC-9835-4AB0-BE51-E96FFA904FCC}.Debug|Any CPU.Build.0 = Debug|Any CPU
		{F6619AFC-9835-4AB0-BE51-E96FFA904FCC}.Release|Any CPU.ActiveCfg = Release|Any CPU
		{F6619AFC-9835-4AB0-BE51-E96FFA904FCC}.Release|Any CPU.Build.0 = Release|Any CPU
		{48A4A9EA-B10A-49FD-BDD4-E118B3413FCB}.Debug|Any CPU.ActiveCfg = Debug|Any CPU
		{48A4A9EA-B10A-49FD-BDD4-E118B3413FCB}.Debug|Any CPU.Build.0 = Debug|Any CPU
		{48A4A9EA-B10A-49FD-BDD4-E118B3413FCB}.Release|Any CPU.ActiveCfg = Release|Any CPU
		{48A4A9EA-B10A-49FD-BDD4-E118B3413FCB}.Release|Any CPU.Build.0 = Release|Any CPU
	EndGlobalSection
	GlobalSection(SolutionProperties) = preSolution
		HideSolutionNode = FALSE
	EndGlobalSection
	GlobalSection(ExtensibilityGlobals) = postSolution
		SolutionGuid = {789AB769-1D51-4B43-80D0-A1A834308A8E}
	EndGlobalSection
EndGlobal
