
Microsoft Visual Studio Solution File, Format Version 12.00
# Visual Studio Version 17
VisualStudioVersion = 17.1.32421.90
MinimumVisualStudioVersion = 10.0.40219.1
Project("{FAE04EC0-301F-11D3-BF4B-00C04F79EFBC}") = "AutomobileLibrary", "AutomobileLibrary\AutomobileLibrary.csproj", "{82541D4D-8E84-4498-A7A7-BA2EE404CEE3}"
EndProject
Project("{FAE04EC0-301F-11D3-BF4B-00C04F79EFBC}") = "AutomobileWPFApp", "AutomobileWPFApp\AutomobileWPFApp.csproj", "{7B455872-7FA1-4091-9022-1F72E5FC95D5}"
EndProject
Global
	GlobalSection(SolutionConfigurationPlatforms) = preSolution
		Debug|Any CPU = Debug|Any CPU
		Release|Any CPU = Release|Any CPU
	EndGlobalSection
	GlobalSection(ProjectConfigurationPlatforms) = postSolution
		{82541D4D-8E84-4498-A7A7-BA2EE404CEE3}.Debug|Any CPU.ActiveCfg = Debug|Any CPU
		{82541D4D-8E84-4498-A7A7-BA2EE404CEE3}.Debug|Any CPU.Build.0 = Debug|Any CPU
		{82541D4D-8E84-4498-A7A7-BA2EE404CEE3}.Release|Any CPU.ActiveCfg = Release|Any CPU
		{82541D4D-8E84-4498-A7A7-BA2EE404CEE3}.Release|Any CPU.Build.0 = Release|Any CPU
		{7B455872-7FA1-4091-9022-1F72E5FC95D5}.Debug|Any CPU.ActiveCfg = Debug|Any CPU
		{7B455872-7FA1-4091-9022-1F72E5FC95D5}.Debug|Any CPU.Build.0 = Debug|Any CPU
		{7B455872-7FA1-4091-9022-1F72E5FC95D5}.Release|Any CPU.ActiveCfg = Release|Any CPU
		{7B455872-7FA1-4091-9022-1F72E5FC95D5}.Release|Any CPU.Build.0 = Release|Any CPU
	EndGlobalSection
	GlobalSection(SolutionProperties) = preSolution
		HideSolutionNode = FALSE
	EndGlobalSection
	GlobalSection(ExtensibilityGlobals) = postSolution
		SolutionGuid = {45C3A637-2F27-48A9-AB6B-2B52F8101658}
	EndGlobalSection
EndGlobal
